// !$*UTF8*$!
{
	archiveVersion = 1;
	classes = {
	};
	objectVersion = 50;
	objects = {

/* Begin PBXBuildFile section */
		3A224CA62094338D00075457 /* PoiImageCell.m in Sources */ = {isa = PBXBuildFile; fileRef = 3A224CA52094338D00075457 /* PoiImageCell.m */; };
		3A224CAC2094736200075457 /* SearchResultListCell.m in Sources */ = {isa = PBXBuildFile; fileRef = 3A224CAB2094736200075457 /* SearchResultListCell.m */; };
		3A224CAF2094946800075457 /* PoiImageNSO.m in Sources */ = {isa = PBXBuildFile; fileRef = 3A224CAE2094946800075457 /* PoiImageNSO.m */; };
		3A374EE620936A9300E5A652 /* AppDelegate.m in Sources */ = {isa = PBXBuildFile; fileRef = 3A374EE520936A9300E5A652 /* AppDelegate.m */; };
		3A374EEC20936A9300E5A652 /* Main.storyboard in Resources */ = {isa = PBXBuildFile; fileRef = 3A374EEA20936A9300E5A652 /* Main.storyboard */; };
		3A374EEE20936A9600E5A652 /* Assets.xcassets in Resources */ = {isa = PBXBuildFile; fileRef = 3A374EED20936A9600E5A652 /* Assets.xcassets */; };
		3A374EF120936A9600E5A652 /* LaunchScreen.storyboard in Resources */ = {isa = PBXBuildFile; fileRef = 3A374EEF20936A9600E5A652 /* LaunchScreen.storyboard */; };
		3A374EF420936A9600E5A652 /* main.m in Sources */ = {isa = PBXBuildFile; fileRef = 3A374EF320936A9600E5A652 /* main.m */; };
		3A374EFC209372CC00E5A652 /* MenuVC.m in Sources */ = {isa = PBXBuildFile; fileRef = 3A374EFB209372CC00E5A652 /* MenuVC.m */; };
		3A374F032093735300E5A652 /* TripListVC.m in Sources */ = {isa = PBXBuildFile; fileRef = 3A374F022093735300E5A652 /* TripListVC.m */; };
		3A374F062093737700E5A652 /* PoiListVC.m in Sources */ = {isa = PBXBuildFile; fileRef = 3A374F052093737700E5A652 /* PoiListVC.m */; };
		3A374F0A2093754200E5A652 /* Dal.m in Sources */ = {isa = PBXBuildFile; fileRef = 3A374F092093754200E5A652 /* Dal.m */; };
		3A374F0F2093764C00E5A652 /* libsqlite3.tbd in Frameworks */ = {isa = PBXBuildFile; fileRef = 3A374F0E2093764B00E5A652 /* libsqlite3.tbd */; };
		3A374F12209386F700E5A652 /* PoiTVC.m in Sources */ = {isa = PBXBuildFile; fileRef = 3A374F11209386F700E5A652 /* PoiTVC.m */; };
		3A374F152093877F00E5A652 /* PoiNSO.m in Sources */ = {isa = PBXBuildFile; fileRef = 3A374F142093877F00E5A652 /* PoiNSO.m */; };
		3A374F1E2093939400E5A652 /* LocatorVC.m in Sources */ = {isa = PBXBuildFile; fileRef = 3A374F1D2093939400E5A652 /* LocatorVC.m */; };
		3A374F212093D55500E5A652 /* PoiDataEntryVC.m in Sources */ = {isa = PBXBuildFile; fileRef = 3A374F202093D55500E5A652 /* PoiDataEntryVC.m */; };
/* End PBXBuildFile section */

/* Begin PBXFileReference section */
		3A224CA42094338D00075457 /* PoiImageCell.h */ = {isa = PBXFileReference; lastKnownFileType = sourcecode.c.h; path = PoiImageCell.h; sourceTree = "<group>"; };
		3A224CA52094338D00075457 /* PoiImageCell.m */ = {isa = PBXFileReference; lastKnownFileType = sourcecode.c.objc; path = PoiImageCell.m; sourceTree = "<group>"; };
		3A224CAA2094736200075457 /* SearchResultListCell.h */ = {isa = PBXFileReference; lastKnownFileType = sourcecode.c.h; path = SearchResultListCell.h; sourceTree = "<group>"; };
		3A224CAB2094736200075457 /* SearchResultListCell.m */ = {isa = PBXFileReference; lastKnownFileType = sourcecode.c.objc; path = SearchResultListCell.m; sourceTree = "<group>"; };
		3A224CAD2094946800075457 /* PoiImageNSO.h */ = {isa = PBXFileReference; lastKnownFileType = sourcecode.c.h; path = PoiImageNSO.h; sourceTree = "<group>"; };
		3A224CAE2094946800075457 /* PoiImageNSO.m */ = {isa = PBXFileReference; lastKnownFileType = sourcecode.c.objc; path = PoiImageNSO.m; sourceTree = "<group>"; };
		3A374EE120936A9300E5A652 /* travelme.app */ = {isa = PBXFileReference; explicitFileType = wrapper.application; includeInIndex = 0; path = travelme.app; sourceTree = BUILT_PRODUCTS_DIR; };
		3A374EE420936A9300E5A652 /* AppDelegate.h */ = {isa = PBXFileReference; lastKnownFileType = sourcecode.c.h; path = AppDelegate.h; sourceTree = "<group>"; };
		3A374EE520936A9300E5A652 /* AppDelegate.m */ = {isa = PBXFileReference; lastKnownFileType = sourcecode.c.objc; path = AppDelegate.m; sourceTree = "<group>"; };
		3A374EEB20936A9300E5A652 /* Base */ = {isa = PBXFileReference; lastKnownFileType = file.storyboard; name = Base; path = Base.lproj/Main.storyboard; sourceTree = "<group>"; };
		3A374EED20936A9600E5A652 /* Assets.xcassets */ = {isa = PBXFileReference; lastKnownFileType = folder.assetcatalog; path = Assets.xcassets; sourceTree = "<group>"; };
		3A374EF020936A9600E5A652 /* Base */ = {isa = PBXFileReference; lastKnownFileType = file.storyboard; name = Base; path = Base.lproj/LaunchScreen.storyboard; sourceTree = "<group>"; };
		3A374EF220936A9600E5A652 /* Info.plist */ = {isa = PBXFileReference; lastKnownFileType = text.plist.xml; path = Info.plist; sourceTree = "<group>"; };
		3A374EF320936A9600E5A652 /* main.m */ = {isa = PBXFileReference; lastKnownFileType = sourcecode.c.objc; path = main.m; sourceTree = "<group>"; };
		3A374EFA209372CC00E5A652 /* MenuVC.h */ = {isa = PBXFileReference; lastKnownFileType = sourcecode.c.h; path = MenuVC.h; sourceTree = "<group>"; };
		3A374EFB209372CC00E5A652 /* MenuVC.m */ = {isa = PBXFileReference; lastKnownFileType = sourcecode.c.objc; path = MenuVC.m; sourceTree = "<group>"; };
		3A374F012093735300E5A652 /* TripListVC.h */ = {isa = PBXFileReference; lastKnownFileType = sourcecode.c.h; path = TripListVC.h; sourceTree = "<group>"; };
		3A374F022093735300E5A652 /* TripListVC.m */ = {isa = PBXFileReference; lastKnownFileType = sourcecode.c.objc; path = TripListVC.m; sourceTree = "<group>"; };
		3A374F042093737700E5A652 /* PoiListVC.h */ = {isa = PBXFileReference; lastKnownFileType = sourcecode.c.h; path = PoiListVC.h; sourceTree = "<group>"; };
		3A374F052093737700E5A652 /* PoiListVC.m */ = {isa = PBXFileReference; lastKnownFileType = sourcecode.c.objc; path = PoiListVC.m; sourceTree = "<group>"; };
		3A374F082093754200E5A652 /* Dal.h */ = {isa = PBXFileReference; lastKnownFileType = sourcecode.c.h; path = Dal.h; sourceTree = "<group>"; };
		3A374F092093754200E5A652 /* Dal.m */ = {isa = PBXFileReference; lastKnownFileType = sourcecode.c.objc; path = Dal.m; sourceTree = "<group>"; };
		3A374F0C2093762F00E5A652 /* libsqlite3.0.tbd */ = {isa = PBXFileReference; lastKnownFileType = "sourcecode.text-based-dylib-definition"; name = libsqlite3.0.tbd; path = usr/lib/libsqlite3.0.tbd; sourceTree = SDKROOT; };
		3A374F0E2093764B00E5A652 /* libsqlite3.tbd */ = {isa = PBXFileReference; lastKnownFileType = "sourcecode.text-based-dylib-definition"; name = libsqlite3.tbd; path = usr/lib/libsqlite3.tbd; sourceTree = SDKROOT; };
		3A374F10209386F700E5A652 /* PoiTVC.h */ = {isa = PBXFileReference; lastKnownFileType = sourcecode.c.h; path = PoiTVC.h; sourceTree = "<group>"; };
		3A374F11209386F700E5A652 /* PoiTVC.m */ = {isa = PBXFileReference; lastKnownFileType = sourcecode.c.objc; path = PoiTVC.m; sourceTree = "<group>"; };
		3A374F132093877F00E5A652 /* PoiNSO.h */ = {isa = PBXFileReference; lastKnownFileType = sourcecode.c.h; path = PoiNSO.h; sourceTree = "<group>"; };
		3A374F142093877F00E5A652 /* PoiNSO.m */ = {isa = PBXFileReference; lastKnownFileType = sourcecode.c.objc; path = PoiNSO.m; sourceTree = "<group>"; };
		3A374F1C2093939400E5A652 /* LocatorVC.h */ = {isa = PBXFileReference; lastKnownFileType = sourcecode.c.h; path = LocatorVC.h; sourceTree = "<group>"; };
		3A374F1D2093939400E5A652 /* LocatorVC.m */ = {isa = PBXFileReference; lastKnownFileType = sourcecode.c.objc; path = LocatorVC.m; sourceTree = "<group>"; };
		3A374F1F2093D55500E5A652 /* PoiDataEntryVC.h */ = {isa = PBXFileReference; lastKnownFileType = sourcecode.c.h; path = PoiDataEntryVC.h; sourceTree = "<group>"; };
		3A374F202093D55500E5A652 /* PoiDataEntryVC.m */ = {isa = PBXFileReference; lastKnownFileType = sourcecode.c.objc; path = PoiDataEntryVC.m; sourceTree = "<group>"; };
/* End PBXFileReference section */

/* Begin PBXFrameworksBuildPhase section */
		3A374EDE20936A9200E5A652 /* Frameworks */ = {
			isa = PBXFrameworksBuildPhase;
			buildActionMask = 2147483647;
			files = (
				3A374F0F2093764C00E5A652 /* libsqlite3.tbd in Frameworks */,
			);
			runOnlyForDeploymentPostprocessing = 0;
		};
/* End PBXFrameworksBuildPhase section */

/* Begin PBXGroup section */
		3A374ED820936A9200E5A652 = {
			isa = PBXGroup;
			children = (
				3A374EE320936A9300E5A652 /* travelme */,
				3A374EE220936A9300E5A652 /* Products */,
				3A374F0B2093762E00E5A652 /* Frameworks */,
			);
			sourceTree = "<group>";
		};
		3A374EE220936A9300E5A652 /* Products */ = {
			isa = PBXGroup;
			children = (
				3A374EE120936A9300E5A652 /* travelme.app */,
			);
			name = Products;
			sourceTree = "<group>";
		};
		3A374EE320936A9300E5A652 /* travelme */ = {
			isa = PBXGroup;
			children = (
				3A374F072093738F00E5A652 /* GenericObjects */,
				3A374EFD209372E700E5A652 /* ViewControllers */,
				3A374EE420936A9300E5A652 /* AppDelegate.h */,
				3A374EE520936A9300E5A652 /* AppDelegate.m */,
				3A374EEA20936A9300E5A652 /* Main.storyboard */,
				3A374EED20936A9600E5A652 /* Assets.xcassets */,
				3A374EEF20936A9600E5A652 /* LaunchScreen.storyboard */,
				3A374EF220936A9600E5A652 /* Info.plist */,
				3A374EF320936A9600E5A652 /* main.m */,
			);
			path = travelme;
			sourceTree = "<group>";
		};
		3A374EFD209372E700E5A652 /* ViewControllers */ = {
			isa = PBXGroup;
			children = (
				3A374EFA209372CC00E5A652 /* MenuVC.h */,
				3A374EFB209372CC00E5A652 /* MenuVC.m */,
				3A374F012093735300E5A652 /* TripListVC.h */,
				3A374F022093735300E5A652 /* TripListVC.m */,
				3A374F042093737700E5A652 /* PoiListVC.h */,
				3A374F052093737700E5A652 /* PoiListVC.m */,
				3A374F1C2093939400E5A652 /* LocatorVC.h */,
				3A374F1D2093939400E5A652 /* LocatorVC.m */,
				3A374F1F2093D55500E5A652 /* PoiDataEntryVC.h */,
				3A374F202093D55500E5A652 /* PoiDataEntryVC.m */,
			);
			path = ViewControllers;
			sourceTree = "<group>";
		};
		3A374F072093738F00E5A652 /* GenericObjects */ = {
			isa = PBXGroup;
			children = (
				3A374F082093754200E5A652 /* Dal.h */,
				3A374F092093754200E5A652 /* Dal.m */,
				3A374F10209386F700E5A652 /* PoiTVC.h */,
				3A374F11209386F700E5A652 /* PoiTVC.m */,
				3A374F132093877F00E5A652 /* PoiNSO.h */,
				3A374F142093877F00E5A652 /* PoiNSO.m */,
				3A224CA42094338D00075457 /* PoiImageCell.h */,
				3A224CA52094338D00075457 /* PoiImageCell.m */,
				3A224CAA2094736200075457 /* SearchResultListCell.h */,
				3A224CAB2094736200075457 /* SearchResultListCell.m */,
				3A224CAD2094946800075457 /* PoiImageNSO.h */,
				3A224CAE2094946800075457 /* PoiImageNSO.m */,
			);
			path = GenericObjects;
			sourceTree = "<group>";
		};
		3A374F0B2093762E00E5A652 /* Frameworks */ = {
			isa = PBXGroup;
			children = (
				3A374F0E2093764B00E5A652 /* libsqlite3.tbd */,
				3A374F0C2093762F00E5A652 /* libsqlite3.0.tbd */,
			);
			name = Frameworks;
			sourceTree = "<group>";
		};
/* End PBXGroup section */

/* Begin PBXNativeTarget section */
		3A374EE020936A9200E5A652 /* travelme */ = {
			isa = PBXNativeTarget;
			buildConfigurationList = 3A374EF720936A9600E5A652 /* Build configuration list for PBXNativeTarget "travelme" */;
			buildPhases = (
				3A374EDD20936A9200E5A652 /* Sources */,
				3A374EDE20936A9200E5A652 /* Frameworks */,
				3A374EDF20936A9200E5A652 /* Resources */,
			);
			buildRules = (
			);
			dependencies = (
			);
			name = travelme;
			productName = travelme;
			productReference = 3A374EE120936A9300E5A652 /* travelme.app */;
			productType = "com.apple.product-type.application";
		};
/* End PBXNativeTarget section */

/* Begin PBXProject section */
		3A374ED920936A9200E5A652 /* Project object */ = {
			isa = PBXProject;
			attributes = {
				LastUpgradeCheck = 0930;
				ORGANIZATIONNAME = "andrew glew";
				TargetAttributes = {
					3A374EE020936A9200E5A652 = {
						CreatedOnToolsVersion = 9.3;
					};
				};
			};
			buildConfigurationList = 3A374EDC20936A9200E5A652 /* Build configuration list for PBXProject "travelme" */;
			compatibilityVersion = "Xcode 9.3";
			developmentRegion = en;
			hasScannedForEncodings = 0;
			knownRegions = (
				en,
				Base,
			);
			mainGroup = 3A374ED820936A9200E5A652;
			productRefGroup = 3A374EE220936A9300E5A652 /* Products */;
			projectDirPath = "";
			projectRoot = "";
			targets = (
				3A374EE020936A9200E5A652 /* travelme */,
			);
		};
/* End PBXProject section */

/* Begin PBXResourcesBuildPhase section */
		3A374EDF20936A9200E5A652 /* Resources */ = {
			isa = PBXResourcesBuildPhase;
			buildActionMask = 2147483647;
			files = (
				3A374EF120936A9600E5A652 /* LaunchScreen.storyboard in Resources */,
				3A374EEE20936A9600E5A652 /* Assets.xcassets in Resources */,
				3A374EEC20936A9300E5A652 /* Main.storyboard in Resources */,
			);
			runOnlyForDeploymentPostprocessing = 0;
		};
/* End PBXResourcesBuildPhase section */

/* Begin PBXSourcesBuildPhase section */
		3A374EDD20936A9200E5A652 /* Sources */ = {
			isa = PBXSourcesBuildPhase;
			buildActionMask = 2147483647;
			files = (
				3A374F062093737700E5A652 /* PoiListVC.m in Sources */,
				3A374EFC209372CC00E5A652 /* MenuVC.m in Sources */,
				3A374F032093735300E5A652 /* TripListVC.m in Sources */,
				3A374F152093877F00E5A652 /* PoiNSO.m in Sources */,
				3A374F0A2093754200E5A652 /* Dal.m in Sources */,
				3A374EF420936A9600E5A652 /* main.m in Sources */,
				3A224CAC2094736200075457 /* SearchResultListCell.m in Sources */,
				3A374F1E2093939400E5A652 /* LocatorVC.m in Sources */,
				3A224CA62094338D00075457 /* PoiImageCell.m in Sources */,
				3A374F12209386F700E5A652 /* PoiTVC.m in Sources */,
				3A224CAF2094946800075457 /* PoiImageNSO.m in Sources */,
				3A374F212093D55500E5A652 /* PoiDataEntryVC.m in Sources */,
				3A374EE620936A9300E5A652 /* AppDelegate.m in Sources */,
			);
			runOnlyForDeploymentPostprocessing = 0;
		};
/* End PBXSourcesBuildPhase section */

/* Begin PBXVariantGroup section */
		3A374EEA20936A9300E5A652 /* Main.storyboard */ = {
			isa = PBXVariantGroup;
			children = (
				3A374EEB20936A9300E5A652 /* Base */,
			);
			name = Main.storyboard;
			sourceTree = "<group>";
		};
		3A374EEF20936A9600E5A652 /* LaunchScreen.storyboard */ = {
			isa = PBXVariantGroup;
			children = (
				3A374EF020936A9600E5A652 /* Base */,
			);
			name = LaunchScreen.storyboard;
			sourceTree = "<group>";
		};
/* End PBXVariantGroup section */

/* Begin XCBuildConfiguration section */
		3A374EF520936A9600E5A652 /* Debug */ = {
			isa = XCBuildConfiguration;
			buildSettings = {
				ALWAYS_SEARCH_USER_PATHS = NO;
				CLANG_ANALYZER_NONNULL = YES;
				CLANG_ANALYZER_NUMBER_OBJECT_CONVERSION = YES_AGGRESSIVE;
				CLANG_CXX_LANGUAGE_STANDARD = "gnu++14";
				CLANG_CXX_LIBRARY = "libc++";
				CLANG_ENABLE_MODULES = YES;
				CLANG_ENABLE_OBJC_ARC = YES;
				CLANG_ENABLE_OBJC_WEAK = YES;
				CLANG_WARN_BLOCK_CAPTURE_AUTORELEASING = YES;
				CLANG_WARN_BOOL_CONVERSION = YES;
				CLANG_WARN_COMMA = YES;
				CLANG_WARN_CONSTANT_CONVERSION = YES;
				CLANG_WARN_DEPRECATED_OBJC_IMPLEMENTATIONS = YES;
				CLANG_WARN_DIRECT_OBJC_ISA_USAGE = YES_ERROR;
				CLANG_WARN_DOCUMENTATION_COMMENTS = YES;
				CLANG_WARN_EMPTY_BODY = YES;
				CLANG_WARN_ENUM_CONVERSION = YES;
				CLANG_WARN_INFINITE_RECURSION = YES;
				CLANG_WARN_INT_CONVERSION = YES;
				CLANG_WARN_NON_LITERAL_NULL_CONVERSION = YES;
				CLANG_WARN_OBJC_IMPLICIT_RETAIN_SELF = YES;
				CLANG_WARN_OBJC_LITERAL_CONVERSION = YES;
				CLANG_WARN_OBJC_ROOT_CLASS = YES_ERROR;
				CLANG_WARN_RANGE_LOOP_ANALYSIS = YES;
				CLANG_WARN_STRICT_PROTOTYPES = YES;
				CLANG_WARN_SUSPICIOUS_MOVE = YES;
				CLANG_WARN_UNGUARDED_AVAILABILITY = YES_AGGRESSIVE;
				CLANG_WARN_UNREACHABLE_CODE = YES;
				CLANG_WARN__DUPLICATE_METHOD_MATCH = YES;
				CODE_SIGN_IDENTITY = "iPhone Developer";
				COPY_PHASE_STRIP = NO;
				DEBUG_INFORMATION_FORMAT = dwarf;
				ENABLE_STRICT_OBJC_MSGSEND = YES;
				ENABLE_TESTABILITY = YES;
				GCC_C_LANGUAGE_STANDARD = gnu11;
				GCC_DYNAMIC_NO_PIC = NO;
				GCC_NO_COMMON_BLOCKS = YES;
				GCC_OPTIMIZATION_LEVEL = 0;
				GCC_PREPROCESSOR_DEFINITIONS = (
					"DEBUG=1",
					"$(inherited)",
				);
				GCC_WARN_64_TO_32_BIT_CONVERSION = YES;
				GCC_WARN_ABOUT_RETURN_TYPE = YES_ERROR;
				GCC_WARN_UNDECLARED_SELECTOR = YES;
				GCC_WARN_UNINITIALIZED_AUTOS = YES_AGGRESSIVE;
				GCC_WARN_UNUSED_FUNCTION = YES;
				GCC_WARN_UNUSED_VARIABLE = YES;
				IPHONEOS_DEPLOYMENT_TARGET = 11.3;
				MTL_ENABLE_DEBUG_INFO = YES;
				ONLY_ACTIVE_ARCH = YES;
				SDKROOT = iphoneos;
			};
			name = Debug;
		};
		3A374EF620936A9600E5A652 /* Release */ = {
			isa = XCBuildConfiguration;
			buildSettings = {
				ALWAYS_SEARCH_USER_PATHS = NO;
				CLANG_ANALYZER_NONNULL = YES;
				CLANG_ANALYZER_NUMBER_OBJECT_CONVERSION = YES_AGGRESSIVE;
				CLANG_CXX_LANGUAGE_STANDARD = "gnu++14";
				CLANG_CXX_LIBRARY = "libc++";
				CLANG_ENABLE_MODULES = YES;
				CLANG_ENABLE_OBJC_ARC = YES;
				CLANG_ENABLE_OBJC_WEAK = YES;
				CLANG_WARN_BLOCK_CAPTURE_AUTORELEASING = YES;
				CLANG_WARN_BOOL_CONVERSION = YES;
				CLANG_WARN_COMMA = YES;
				CLANG_WARN_CONSTANT_CONVERSION = YES;
				CLANG_WARN_DEPRECATED_OBJC_IMPLEMENTATIONS = YES;
				CLANG_WARN_DIRECT_OBJC_ISA_USAGE = YES_ERROR;
				CLANG_WARN_DOCUMENTATION_COMMENTS = YES;
				CLANG_WARN_EMPTY_BODY = YES;
				CLANG_WARN_ENUM_CONVERSION = YES;
				CLANG_WARN_INFINITE_RECURSION = YES;
				CLANG_WARN_INT_CONVERSION = YES;
				CLANG_WARN_NON_LITERAL_NULL_CONVERSION = YES;
				CLANG_WARN_OBJC_IMPLICIT_RETAIN_SELF = YES;
				CLANG_WARN_OBJC_LITERAL_CONVERSION = YES;
				CLANG_WARN_OBJC_ROOT_CLASS = YES_ERROR;
				CLANG_WARN_RANGE_LOOP_ANALYSIS = YES;
				CLANG_WARN_STRICT_PROTOTYPES = YES;
				CLANG_WARN_SUSPICIOUS_MOVE = YES;
				CLANG_WARN_UNGUARDED_AVAILABILITY = YES_AGGRESSIVE;
				CLANG_WARN_UNREACHABLE_CODE = YES;
				CLANG_WARN__DUPLICATE_METHOD_MATCH = YES;
				CODE_SIGN_IDENTITY = "iPhone Developer";
				COPY_PHASE_STRIP = NO;
				DEBUG_INFORMATION_FORMAT = "dwarf-with-dsym";
				ENABLE_NS_ASSERTIONS = NO;
				ENABLE_STRICT_OBJC_MSGSEND = YES;
				GCC_C_LANGUAGE_STANDARD = gnu11;
				GCC_NO_COMMON_BLOCKS = YES;
				GCC_WARN_64_TO_32_BIT_CONVERSION = YES;
				GCC_WARN_ABOUT_RETURN_TYPE = YES_ERROR;
				GCC_WARN_UNDECLARED_SELECTOR = YES;
				GCC_WARN_UNINITIALIZED_AUTOS = YES_AGGRESSIVE;
				GCC_WARN_UNUSED_FUNCTION = YES;
				GCC_WARN_UNUSED_VARIABLE = YES;
				IPHONEOS_DEPLOYMENT_TARGET = 11.3;
				MTL_ENABLE_DEBUG_INFO = NO;
				SDKROOT = iphoneos;
				VALIDATE_PRODUCT = YES;
			};
			name = Release;
		};
		3A374EF820936A9600E5A652 /* Debug */ = {
			isa = XCBuildConfiguration;
			buildSettings = {
				ASSETCATALOG_COMPILER_APPICON_NAME = AppIcon;
				CODE_SIGN_STYLE = Automatic;
				DEVELOPMENT_TEAM = 6QW2ZP6GTA;
				INFOPLIST_FILE = travelme/Info.plist;
				LD_RUNPATH_SEARCH_PATHS = (
					"$(inherited)",
					"@executable_path/Frameworks",
				);
				PRODUCT_BUNDLE_IDENTIFIER = DREW.travelme;
				PRODUCT_NAME = "$(TARGET_NAME)";
				TARGETED_DEVICE_FAMILY = "1,2";
			};
			name = Debug;
		};
		3A374EF920936A9600E5A652 /* Release */ = {
			isa = XCBuildConfiguration;
			buildSettings = {
				ASSETCATALOG_COMPILER_APPICON_NAME = AppIcon;
				CODE_SIGN_STYLE = Automatic;
				DEVELOPMENT_TEAM = 6QW2ZP6GTA;
				INFOPLIST_FILE = travelme/Info.plist;
				LD_RUNPATH_SEARCH_PATHS = (
					"$(inherited)",
					"@executable_path/Frameworks",
				);
				PRODUCT_BUNDLE_IDENTIFIER = DREW.travelme;
				PRODUCT_NAME = "$(TARGET_NAME)";
				TARGETED_DEVICE_FAMILY = "1,2";
			};
			name = Release;
		};
/* End XCBuildConfiguration section */

/* Begin XCConfigurationList section */
		3A374EDC20936A9200E5A652 /* Build configuration list for PBXProject "travelme" */ = {
			isa = XCConfigurationList;
			buildConfigurations = (
				3A374EF520936A9600E5A652 /* Debug */,
				3A374EF620936A9600E5A652 /* Release */,
			);
			defaultConfigurationIsVisible = 0;
			defaultConfigurationName = Release;
		};
		3A374EF720936A9600E5A652 /* Build configuration list for PBXNativeTarget "travelme" */ = {
			isa = XCConfigurationList;
			buildConfigurations = (
				3A374EF820936A9600E5A652 /* Debug */,
				3A374EF920936A9600E5A652 /* Release */,
			);
			defaultConfigurationIsVisible = 0;
			defaultConfigurationName = Release;
		};
/* End XCConfigurationList section */
	};
	rootObject = 3A374ED920936A9200E5A652 /* Project object */;
}
